
Microsoft Visual Studio Solution File, Format Version 12.00
# Visual Studio 15
VisualStudioVersion = 15.0.27428.2015
MinimumVisualStudioVersion = 10.0.40219.1
Project("{FAE04EC0-301F-11D3-BF4B-00C04F79EFBC}") = "CSharp", "CSharp\CSharp.csproj", "{5057BAC4-1FAC-4107-8B71-0064D60A8431}"
EndProject
Global
	GlobalSection(SolutionConfigurationPlatforms) = preSolution
		Debug|Any CPU = Debug|Any CPU
		Release|Any CPU = Release|Any CPU
	EndGlobalSection
	GlobalSection(ProjectConfigurationPlatforms) = postSolution
		{5057BAC4-1FAC-4107-8B71-0064D60A8431}.Debug|Any CPU.ActiveCfg = Debug|Any CPU
		{5057BAC4-1FAC-4107-8B71-0064D60A8431}.Debug|Any CPU.Build.0 = Debug|Any CPU
		{5057BAC4-1FAC-4107-8B71-0064D60A8431}.Release|Any CPU.ActiveCfg = Release|Any CPU
		{5057BAC4-1FAC-4107-8B71-0064D60A8431}.Release|Any CPU.Build.0 = Release|Any CPU
	EndGlobalSection
	GlobalSection(SolutionProperties) = preSolution
		HideSolutionNode = FALSE
	EndGlobalSection
	GlobalSection(ExtensibilityGlobals) = postSolution
		SolutionGuid = {403BA96F-DCA7-44D0-817F-14054E5A6644}
	EndGlobalSection
EndGlobal
